
Microsoft Visual Studio Solution File, Format Version 12.00
# Visual Studio Version 17
VisualStudioVersion = 17.9.34607.119
MinimumVisualStudioVersion = 10.0.40219.1
Project("{FAE04EC0-301F-11D3-BF4B-00C04F79EFBC}") = "WebAPI_Funcionarios", "WebAPI_Funcionarios.csproj", "{9DBAB844-D8EF-4D65-9E30-71CFCA5F29C0}"
EndProject
Global
	GlobalSection(SolutionConfigurationPlatforms) = preSolution
		Debug|Any CPU = Debug|Any CPU
		Release|Any CPU = Release|Any CPU
	EndGlobalSection
	GlobalSection(ProjectConfigurationPlatforms) = postSolution
		{9DBAB844-D8EF-4D65-9E30-71CFCA5F29C0}.Debug|Any CPU.ActiveCfg = Debug|Any CPU
		{9DBAB844-D8EF-4D65-9E30-71CFCA5F29C0}.Debug|Any CPU.Build.0 = Debug|Any CPU
		{9DBAB844-D8EF-4D65-9E30-71CFCA5F29C0}.Release|Any CPU.ActiveCfg = Release|Any CPU
		{9DBAB844-D8EF-4D65-9E30-71CFCA5F29C0}.Release|Any CPU.Build.0 = Release|Any CPU
	EndGlobalSection
	GlobalSection(SolutionProperties) = preSolution
		HideSolutionNode = FALSE
	EndGlobalSection
	GlobalSection(ExtensibilityGlobals) = postSolution
		SolutionGuid = {B15E4468-D1D0-4001-AC97-5525E12445F2}
	EndGlobalSection
EndGlobal
